Microsoft Visual Studio Solution File, Format Version 12.00
# Visual Studio Version 18
VisualStudioVersion = 18.1.11312.151
MinimumVisualStudioVersion = 10.0.40219.1
Project("{FAE04EC0-301F-11D3-BF4B-00C04F79EFBC}") = "FWH.Mobile", "src\FWH.Mobile\FWH.Mobile\FWH.Mobile.csproj", "{0BED806C-F6A5-4F50-AF93-1E4404B6A6DE}"
EndProject
Project("{FAE04EC0-301F-11D3-BF4B-00C04F79EFBC}") = "FWH.Mobile.Android", "src\FWH.Mobile\FWH.Mobile.Android\FWH.Mobile.Android.csproj", "{F87F74B5-19E3-4CA8-AD3B-A7397941CF4C}"
EndProject
Project("{FAE04EC0-301F-11D3-BF4B-00C04F79EFBC}") = "FWH.Mobile.Desktop", "src\FWH.Mobile\FWH.Mobile.Desktop\FWH.Mobile.Desktop.csproj", "{80D679B3-AD78-44A7-A217-AF4E7DC1E5EF}"
EndProject
Project("{FAE04EC0-301F-11D3-BF4B-00C04F79EFBC}") = "FWH.Mobile.iOS", "src\FWH.Mobile\FWH.Mobile.iOS\FWH.Mobile.iOS.csproj", "{749D3895-43C6-4843-B45C-D5584396947F}"
EndProject
Project("{FAE04EC0-301F-11D3-BF4B-00C04F79EFBC}") = "FWH.Common.Workflow", "src\FWH.Common.Workflow\FWH.Common.Workflow.csproj", "{3FB2C163-B2E3-4D6B-BF7C-F974EE820D91}"
EndProject
Project("{2150E333-8FDC-42A3-9474-1A3956D46DE8}") = "Tests", "Tests", "{60823260-0CD0-4E4B-A88A-3D4833FCDEC1}"
EndProject
Project("{FAE04EC0-301F-11D3-BF4B-00C04F79EFBC}") = "FWH.Common.Workflow.Tests", "tests\FWH.Common.Workflow.Tests\FWH.Common.Workflow.Tests.csproj", "{E425D1A7-5930-2AA4-855F-17A1C14ED578}"
EndProject
Project("{2150E333-8FDC-42A3-9474-1A3956D46DE8}") = "Files", "Files", "{0DB01721-0B4D-4A42-B14D-D60C8E986277}"
	ProjectSection(SolutionItems) = preProject
		.editorconfig = .editorconfig
		.gitattributes = .gitattributes
		.gitignore = .gitignore
		Directory.Build.props = Directory.Build.props
		Directory.Build.targets = Directory.Build.targets
		Directory.Packages.props = Directory.Packages.props
		FunWasHad.slnLaunch = FunWasHad.slnLaunch
		global.json = global.json
		workflow.puml = workflow.puml
	EndProjectSection
EndProject
Project("{FAE04EC0-301F-11D3-BF4B-00C04F79EFBC}") = "FWH.Mobile.Data", "src\FWH.Mobile.Data\FWH.Mobile.Data.csproj", "{7C2469CA-7B27-4C5B-A519-6BD980E24D8D}"
EndProject
Project("{2150E333-8FDC-42A3-9474-1A3956D46DE8}") = "UI", "UI", "{1B13B8A9-44CF-4362-A7A5-560A2167FBF7}"
EndProject
Project("{2150E333-8FDC-42A3-9474-1A3956D46DE8}") = "Services", "Services", "{63C74E0C-5DB8-4F91-BC40-105763C20BF5}"
EndProject
Project("{FAE04EC0-301F-11D3-BF4B-00C04F79EFBC}") = "FWH.Mobile.Data.Tests", "tests\FWH.Mobile.Data.Tests\FWH.Mobile.Data.Tests.csproj", "{AEADBD66-AEF7-B648-2AF2-B7341FDA9D5F}"
EndProject
Project("{FAE04EC0-301F-11D3-BF4B-00C04F79EFBC}") = "FWH.Common.Chat", "src\FWH.Common.Chat\FWH.Common.Chat.csproj", "{4FB07922-DC29-ED8A-A634-86DD42E3D74A}"
EndProject
Project("{FAE04EC0-301F-11D3-BF4B-00C04F79EFBC}") = "FWH.Common.Chat.Tests", "tests\FWH.Common.Chat.Tests\FWH.Common.Chat.Tests.csproj", "{1BA7A282-525A-B8B4-8C0F-51ABDF0B108C}"
EndProject
Project("{FAE04EC0-301F-11D3-BF4B-00C04F79EFBC}") = "FWH.Common.Location", "src\FWH.Common.Location\FWH.Common.Location.csproj", "{A379641F-90AA-45BD-A616-3B424FA47B36}"
EndProject
Project("{FAE04EC0-301F-11D3-BF4B-00C04F79EFBC}") = "FWH.Common.Location.Tests", "tests\FWH.Common.Location.Tests\FWH.Common.Location.Tests.csproj", "{C3322774-9547-4111-8FC6-E691D35ECB42}"
EndProject
Project("{FAE04EC0-301F-11D3-BF4B-00C04F79EFBC}") = "FWH.Common.Imaging", "src\FWH.Common.Imaging\FWH.Common.Imaging.csproj", "{29DF57B8-0307-497A-8C7E-5F6E454BE097}"
EndProject
Project("{FAE04EC0-301F-11D3-BF4B-00C04F79EFBC}") = "FWH.Common.Imaging.Tests", "tests\FWH.Common.Imaging.Tests\FWH.Common.Imaging.Tests.csproj", "{5133E664-4893-48F8-A59B-F106746AD773}"
EndProject
Project("{FAE04EC0-301F-11D3-BF4B-00C04F79EFBC}") = "FWH.Location.Api", "src\FWH.Location.Api\FWH.Location.Api.csproj", "{5CB9DA78-6FA7-459A-8257-44F92F7F69ED}"
EndProject
Project("{2150E333-8FDC-42A3-9474-1A3956D46DE8}") = "Actions", "Actions", "{558EBDB4-8E40-4FBD-9ECA-6CB3BB381FCA}"
	ProjectSection(SolutionItems) = preProject
		.github\workflows\main.yml = .github\workflows\main.yml
		.github\workflows\staging.yml = .github\workflows\staging.yml
	EndProjectSection
EndProject
Project("{FAE04EC0-301F-11D3-BF4B-00C04F79EFBC}") = "FWH.AppHost", "src\FWH.AppHost\FWH.AppHost.csproj", "{16307AAA-351D-4FBC-9353-E9D6573CAADA}"
EndProject
Project("{FAE04EC0-301F-11D3-BF4B-00C04F79EFBC}") = "FWH.ServiceDefaults", "src\FWH.ServiceDefaults\FWH.ServiceDefaults.csproj", "{A8909DC4-BF05-4047-BB6D-19A21AF88FAA}"
EndProject
Project("{FAE04EC0-301F-11D3-BF4B-00C04F79EFBC}") = "FWH.MarketingApi", "src\FWH.MarketingApi\FWH.MarketingApi.csproj", "{B5AE5979-7D43-468A-9170-7A98B52302D7}"
EndProject
Project("{FAE04EC0-301F-11D3-BF4B-00C04F79EFBC}") = "FWH.Mobile.Services.Tests", "tests\FWH.Mobile.Services.Tests\FWH.Mobile.Services.Tests.csproj", "{C39AADDC-7C6C-4B72-90E8-44336C13A039}"
EndProject
Project("{FAE04EC0-301F-11D3-BF4B-00C04F79EFBC}") = "FWH.Orchestrix.Contracts", "src\FWH.Orchestrix.Contracts\FWH.Orchestrix.Contracts.csproj", "{C48905EA-42D2-4F39-B690-191931601764}"
EndProject
Project("{FAE04EC0-301F-11D3-BF4B-00C04F79EFBC}") = "FWH.Orchestrix.Mediator.Remote", "src\FWH.Orchestrix.Mediator.Remote\FWH.Orchestrix.Mediator.Remote.csproj", "{9A02388E-A27D-4C1C-8E1F-A15F9D6D6E87}"
EndProject
Project("{2150E333-8FDC-42A3-9474-1A3956D46DE8}") = "Docs", "Docs", "{994F152A-4A7C-4BBA-B520-2A3F7C6FA021}"
	ProjectSection(SolutionItems) = preProject
		docs\Functional-Requirements.md = docs\Functional-Requirements.md
		docs\Technical-Requirements.md = docs\Technical-Requirements.md
	EndProjectSection
EndProject
Project("{FAE04EC0-301F-11D3-BF4B-00C04F79EFBC}") = "FWH.Documentation", "docs\FWH.Documentation.csproj", "{BFD31F7B-1A4C-4DB7-B4D2-0A7D16A7A216}"
EndProject
Project("{FAE04EC0-301F-11D3-BF4B-00C04F79EFBC}") = "FWH.MarketingApi.Tests", "tests\FWH.MarketingApi.Tests\FWH.MarketingApi.Tests.csproj", "{7703A36C-23BA-4200-8EAD-B2D5EB31A9A1}"
EndProject
Global
	GlobalSection(SolutionConfigurationPlatforms) = preSolution
		Debug|Any CPU = Debug|Any CPU
		Debug|x64 = Debug|x64
		Debug|x86 = Debug|x86
		Release|Any CPU = Release|Any CPU
		Release|x64 = Release|x64
		Release|x86 = Release|x86
		Staging|Any CPU = Staging|Any CPU
		Staging|x64 = Staging|x64
		Staging|x86 = Staging|x86
	EndGlobalSection
	GlobalSection(ProjectConfigurationPlatforms) = postSolution
		{0BED806C-F6A5-4F50-AF93-1E4404B6A6DE}.Debug|Any CPU.ActiveCfg = Debug|Any CPU
		{0BED806C-F6A5-4F50-AF93-1E4404B6A6DE}.Debug|Any CPU.Build.0 = Debug|Any CPU
		{0BED806C-F6A5-4F50-AF93-1E4404B6A6DE}.Debug|x64.ActiveCfg = Debug|Any CPU
		{0BED806C-F6A5-4F50-AF93-1E4404B6A6DE}.Debug|x64.Build.0 = Debug|Any CPU
		{0BED806C-F6A5-4F50-AF93-1E4404B6A6DE}.Debug|x86.ActiveCfg = Debug|Any CPU
		{0BED806C-F6A5-4F50-AF93-1E4404B6A6DE}.Debug|x86.Build.0 = Debug|Any CPU
		{0BED806C-F6A5-4F50-AF93-1E4404B6A6DE}.Release|Any CPU.ActiveCfg = Release|Any CPU
		{0BED806C-F6A5-4F50-AF93-1E4404B6A6DE}.Release|Any CPU.Build.0 = Release|Any CPU
		{0BED806C-F6A5-4F50-AF93-1E4404B6A6DE}.Release|x64.ActiveCfg = Release|Any CPU
		{0BED806C-F6A5-4F50-AF93-1E4404B6A6DE}.Release|x64.Build.0 = Release|Any CPU
		{0BED806C-F6A5-4F50-AF93-1E4404B6A6DE}.Release|x86.ActiveCfg = Release|Any CPU
		{0BED806C-F6A5-4F50-AF93-1E4404B6A6DE}.Release|x86.Build.0 = Release|Any CPU
		{0BED806C-F6A5-4F50-AF93-1E4404B6A6DE}.Staging|Any CPU.ActiveCfg = Staging|Any CPU
		{0BED806C-F6A5-4F50-AF93-1E4404B6A6DE}.Staging|Any CPU.Build.0 = Staging|Any CPU
		{0BED806C-F6A5-4F50-AF93-1E4404B6A6DE}.Staging|x64.ActiveCfg = Staging|Any CPU
		{0BED806C-F6A5-4F50-AF93-1E4404B6A6DE}.Staging|x64.Build.0 = Staging|Any CPU
		{0BED806C-F6A5-4F50-AF93-1E4404B6A6DE}.Staging|x86.ActiveCfg = Staging|Any CPU
		{0BED806C-F6A5-4F50-AF93-1E4404B6A6DE}.Staging|x86.Build.0 = Staging|Any CPU
		{F87F74B5-19E3-4CA8-AD3B-A7397941CF4C}.Debug|Any CPU.ActiveCfg = Debug|Any CPU
		{F87F74B5-19E3-4CA8-AD3B-A7397941CF4C}.Debug|Any CPU.Build.0 = Debug|Any CPU
		{F87F74B5-19E3-4CA8-AD3B-A7397941CF4C}.Debug|Any CPU.Deploy.0 = Debug|Any CPU
		{F87F74B5-19E3-4CA8-AD3B-A7397941CF4C}.Debug|x64.ActiveCfg = Debug|Any CPU
		{F87F74B5-19E3-4CA8-AD3B-A7397941CF4C}.Debug|x86.ActiveCfg = Debug|Any CPU
		{F87F74B5-19E3-4CA8-AD3B-A7397941CF4C}.Release|Any CPU.ActiveCfg = Release|Any CPU
		{F87F74B5-19E3-4CA8-AD3B-A7397941CF4C}.Release|x64.ActiveCfg = Release|Any CPU
		{F87F74B5-19E3-4CA8-AD3B-A7397941CF4C}.Release|x86.ActiveCfg = Release|Any CPU
		{F87F74B5-19E3-4CA8-AD3B-A7397941CF4C}.Staging|Any CPU.ActiveCfg = Staging|Any CPU
		{F87F74B5-19E3-4CA8-AD3B-A7397941CF4C}.Staging|x64.ActiveCfg = Staging|Any CPU
		{F87F74B5-19E3-4CA8-AD3B-A7397941CF4C}.Staging|x86.ActiveCfg = Staging|Any CPU
		{80D679B3-AD78-44A7-A217-AF4E7DC1E5EF}.Debug|Any CPU.ActiveCfg = Debug|Any CPU
		{80D679B3-AD78-44A7-A217-AF4E7DC1E5EF}.Debug|Any CPU.Build.0 = Debug|Any CPU
		{80D679B3-AD78-44A7-A217-AF4E7DC1E5EF}.Debug|x64.ActiveCfg = Debug|Any CPU
		{80D679B3-AD78-44A7-A217-AF4E7DC1E5EF}.Debug|x64.Build.0 = Debug|Any CPU
		{80D679B3-AD78-44A7-A217-AF4E7DC1E5EF}.Debug|x86.ActiveCfg = Debug|Any CPU
		{80D679B3-AD78-44A7-A217-AF4E7DC1E5EF}.Debug|x86.Build.0 = Debug|Any CPU
		{80D679B3-AD78-44A7-A217-AF4E7DC1E5EF}.Release|Any CPU.ActiveCfg = Release|Any CPU
		{80D679B3-AD78-44A7-A217-AF4E7DC1E5EF}.Release|Any CPU.Build.0 = Release|Any CPU
		{80D679B3-AD78-44A7-A217-AF4E7DC1E5EF}.Release|x64.ActiveCfg = Release|Any CPU
		{80D679B3-AD78-44A7-A217-AF4E7DC1E5EF}.Release|x64.Build.0 = Release|Any CPU
		{80D679B3-AD78-44A7-A217-AF4E7DC1E5EF}.Release|x86.ActiveCfg = Release|Any CPU
		{80D679B3-AD78-44A7-A217-AF4E7DC1E5EF}.Release|x86.Build.0 = Release|Any CPU
		{80D679B3-AD78-44A7-A217-AF4E7DC1E5EF}.Staging|Any CPU.ActiveCfg = Staging|Any CPU
		{80D679B3-AD78-44A7-A217-AF4E7DC1E5EF}.Staging|Any CPU.Build.0 = Staging|Any CPU
		{80D679B3-AD78-44A7-A217-AF4E7DC1E5EF}.Staging|x64.ActiveCfg = Staging|Any CPU
		{80D679B3-AD78-44A7-A217-AF4E7DC1E5EF}.Staging|x64.Build.0 = Staging|Any CPU
		{80D679B3-AD78-44A7-A217-AF4E7DC1E5EF}.Staging|x86.ActiveCfg = Staging|Any CPU
		{80D679B3-AD78-44A7-A217-AF4E7DC1E5EF}.Staging|x86.Build.0 = Staging|Any CPU
		{749D3895-43C6-4843-B45C-D5584396947F}.Debug|Any CPU.ActiveCfg = Debug|Any CPU
		{749D3895-43C6-4843-B45C-D5584396947F}.Debug|x64.ActiveCfg = Debug|Any CPU
		{749D3895-43C6-4843-B45C-D5584396947F}.Debug|x86.ActiveCfg = Debug|Any CPU
		{749D3895-43C6-4843-B45C-D5584396947F}.Release|Any CPU.ActiveCfg = Release|Any CPU
		{749D3895-43C6-4843-B45C-D5584396947F}.Release|x64.ActiveCfg = Release|Any CPU
		{749D3895-43C6-4843-B45C-D5584396947F}.Release|x86.ActiveCfg = Release|Any CPU
		{749D3895-43C6-4843-B45C-D5584396947F}.Staging|Any CPU.ActiveCfg = Staging|Any CPU
		{749D3895-43C6-4843-B45C-D5584396947F}.Staging|x64.ActiveCfg = Staging|Any CPU
		{749D3895-43C6-4843-B45C-D5584396947F}.Staging|x86.ActiveCfg = Staging|Any CPU
		{3FB2C163-B2E3-4D6B-BF7C-F974EE820D91}.Debug|Any CPU.ActiveCfg = Debug|Any CPU
		{3FB2C163-B2E3-4D6B-BF7C-F974EE820D91}.Debug|Any CPU.Build.0 = Debug|Any CPU
		{3FB2C163-B2E3-4D6B-BF7C-F974EE820D91}.Debug|x64.ActiveCfg = Debug|Any CPU
		{3FB2C163-B2E3-4D6B-BF7C-F974EE820D91}.Debug|x64.Build.0 = Debug|Any CPU
		{3FB2C163-B2E3-4D6B-BF7C-F974EE820D91}.Debug|x86.ActiveCfg = Debug|Any CPU
		{3FB2C163-B2E3-4D6B-BF7C-F974EE820D91}.Debug|x86.Build.0 = Debug|Any CPU
		{3FB2C163-B2E3-4D6B-BF7C-F974EE820D91}.Release|Any CPU.ActiveCfg = Release|Any CPU
		{3FB2C163-B2E3-4D6B-BF7C-F974EE820D91}.Release|Any CPU.Build.0 = Release|Any CPU
		{3FB2C163-B2E3-4D6B-BF7C-F974EE820D91}.Release|x64.ActiveCfg = Release|Any CPU
		{3FB2C163-B2E3-4D6B-BF7C-F974EE820D91}.Release|x64.Build.0 = Release|Any CPU
		{3FB2C163-B2E3-4D6B-BF7C-F974EE820D91}.Release|x86.ActiveCfg = Release|Any CPU
		{3FB2C163-B2E3-4D6B-BF7C-F974EE820D91}.Release|x86.Build.0 = Release|Any CPU
		{3FB2C163-B2E3-4D6B-BF7C-F974EE820D91}.Staging|Any CPU.ActiveCfg = Staging|Any CPU
		{3FB2C163-B2E3-4D6B-BF7C-F974EE820D91}.Staging|Any CPU.Build.0 = Staging|Any CPU
		{3FB2C163-B2E3-4D6B-BF7C-F974EE820D91}.Staging|x64.ActiveCfg = Staging|Any CPU
		{3FB2C163-B2E3-4D6B-BF7C-F974EE820D91}.Staging|x64.Build.0 = Staging|Any CPU
		{3FB2C163-B2E3-4D6B-BF7C-F974EE820D91}.Staging|x86.ActiveCfg = Staging|Any CPU
		{3FB2C163-B2E3-4D6B-BF7C-F974EE820D91}.Staging|x86.Build.0 = Staging|Any CPU
		{E425D1A7-5930-2AA4-855F-17A1C14ED578}.Debug|Any CPU.ActiveCfg = Debug|Any CPU
		{E425D1A7-5930-2AA4-855F-17A1C14ED578}.Debug|Any CPU.Build.0 = Debug|Any CPU
		{E425D1A7-5930-2AA4-855F-17A1C14ED578}.Debug|x64.ActiveCfg = Debug|Any CPU
		{E425D1A7-5930-2AA4-855F-17A1C14ED578}.Debug|x64.Build.0 = Debug|Any CPU
		{E425D1A7-5930-2AA4-855F-17A1C14ED578}.Debug|x86.ActiveCfg = Debug|Any CPU
		{E425D1A7-5930-2AA4-855F-17A1C14ED578}.Debug|x86.Build.0 = Debug|Any CPU
		{E425D1A7-5930-2AA4-855F-17A1C14ED578}.Release|Any CPU.ActiveCfg = Release|Any CPU
		{E425D1A7-5930-2AA4-855F-17A1C14ED578}.Release|Any CPU.Build.0 = Release|Any CPU
		{E425D1A7-5930-2AA4-855F-17A1C14ED578}.Release|x64.ActiveCfg = Release|Any CPU
		{E425D1A7-5930-2AA4-855F-17A1C14ED578}.Release|x64.Build.0 = Release|Any CPU
		{E425D1A7-5930-2AA4-855F-17A1C14ED578}.Release|x86.ActiveCfg = Release|Any CPU
		{E425D1A7-5930-2AA4-855F-17A1C14ED578}.Release|x86.Build.0 = Release|Any CPU
		{E425D1A7-5930-2AA4-855F-17A1C14ED578}.Staging|Any CPU.ActiveCfg = Staging|Any CPU
		{E425D1A7-5930-2AA4-855F-17A1C14ED578}.Staging|Any CPU.Build.0 = Staging|Any CPU
		{E425D1A7-5930-2AA4-855F-17A1C14ED578}.Staging|x64.ActiveCfg = Staging|Any CPU
		{E425D1A7-5930-2AA4-855F-17A1C14ED578}.Staging|x64.Build.0 = Staging|Any CPU
		{E425D1A7-5930-2AA4-855F-17A1C14ED578}.Staging|x86.ActiveCfg = Staging|Any CPU
		{E425D1A7-5930-2AA4-855F-17A1C14ED578}.Staging|x86.Build.0 = Staging|Any CPU
		{7C2469CA-7B27-4C5B-A519-6BD980E24D8D}.Debug|Any CPU.ActiveCfg = Debug|Any CPU
		{7C2469CA-7B27-4C5B-A519-6BD980E24D8D}.Debug|Any CPU.Build.0 = Debug|Any CPU
		{7C2469CA-7B27-4C5B-A519-6BD980E24D8D}.Debug|x64.ActiveCfg = Debug|Any CPU
		{7C2469CA-7B27-4C5B-A519-6BD980E24D8D}.Debug|x64.Build.0 = Debug|Any CPU
		{7C2469CA-7B27-4C5B-A519-6BD980E24D8D}.Debug|x86.ActiveCfg = Debug|Any CPU
		{7C2469CA-7B27-4C5B-A519-6BD980E24D8D}.Debug|x86.Build.0 = Debug|Any CPU
		{7C2469CA-7B27-4C5B-A519-6BD980E24D8D}.Release|Any CPU.ActiveCfg = Release|Any CPU
		{7C2469CA-7B27-4C5B-A519-6BD980E24D8D}.Release|Any CPU.Build.0 = Release|Any CPU
		{7C2469CA-7B27-4C5B-A519-6BD980E24D8D}.Release|x64.ActiveCfg = Release|Any CPU
		{7C2469CA-7B27-4C5B-A519-6BD980E24D8D}.Release|x64.Build.0 = Release|Any CPU
		{7C2469CA-7B27-4C5B-A519-6BD980E24D8D}.Release|x86.ActiveCfg = Release|Any CPU
		{7C2469CA-7B27-4C5B-A519-6BD980E24D8D}.Release|x86.Build.0 = Release|Any CPU
		{7C2469CA-7B27-4C5B-A519-6BD980E24D8D}.Staging|Any CPU.ActiveCfg = Staging|Any CPU
		{7C2469CA-7B27-4C5B-A519-6BD980E24D8D}.Staging|Any CPU.Build.0 = Staging|Any CPU
		{7C2469CA-7B27-4C5B-A519-6BD980E24D8D}.Staging|x64.ActiveCfg = Staging|Any CPU
		{7C2469CA-7B27-4C5B-A519-6BD980E24D8D}.Staging|x64.Build.0 = Staging|Any CPU
		{7C2469CA-7B27-4C5B-A519-6BD980E24D8D}.Staging|x86.ActiveCfg = Staging|Any CPU
		{7C2469CA-7B27-4C5B-A519-6BD980E24D8D}.Staging|x86.Build.0 = Staging|Any CPU
		{AEADBD66-AEF7-B648-2AF2-B7341FDA9D5F}.Debug|Any CPU.ActiveCfg = Debug|Any CPU
		{AEADBD66-AEF7-B648-2AF2-B7341FDA9D5F}.Debug|Any CPU.Build.0 = Debug|Any CPU
		{AEADBD66-AEF7-B648-2AF2-B7341FDA9D5F}.Debug|x64.ActiveCfg = Debug|Any CPU
		{AEADBD66-AEF7-B648-2AF2-B7341FDA9D5F}.Debug|x64.Build.0 = Debug|Any CPU
		{AEADBD66-AEF7-B648-2AF2-B7341FDA9D5F}.Debug|x86.ActiveCfg = Debug|Any CPU
		{AEADBD66-AEF7-B648-2AF2-B7341FDA9D5F}.Debug|x86.Build.0 = Debug|Any CPU
		{AEADBD66-AEF7-B648-2AF2-B7341FDA9D5F}.Release|Any CPU.ActiveCfg = Release|Any CPU
		{AEADBD66-AEF7-B648-2AF2-B7341FDA9D5F}.Release|Any CPU.Build.0 = Release|Any CPU
		{AEADBD66-AEF7-B648-2AF2-B7341FDA9D5F}.Release|x64.ActiveCfg = Release|Any CPU
		{AEADBD66-AEF7-B648-2AF2-B7341FDA9D5F}.Release|x64.Build.0 = Release|Any CPU
		{AEADBD66-AEF7-B648-2AF2-B7341FDA9D5F}.Release|x86.ActiveCfg = Release|Any CPU
		{AEADBD66-AEF7-B648-2AF2-B7341FDA9D5F}.Release|x86.Build.0 = Release|Any CPU
		{AEADBD66-AEF7-B648-2AF2-B7341FDA9D5F}.Staging|Any CPU.ActiveCfg = Staging|Any CPU
		{AEADBD66-AEF7-B648-2AF2-B7341FDA9D5F}.Staging|Any CPU.Build.0 = Staging|Any CPU
		{AEADBD66-AEF7-B648-2AF2-B7341FDA9D5F}.Staging|x64.ActiveCfg = Staging|Any CPU
		{AEADBD66-AEF7-B648-2AF2-B7341FDA9D5F}.Staging|x64.Build.0 = Staging|Any CPU
		{AEADBD66-AEF7-B648-2AF2-B7341FDA9D5F}.Staging|x86.ActiveCfg = Staging|Any CPU
		{AEADBD66-AEF7-B648-2AF2-B7341FDA9D5F}.Staging|x86.Build.0 = Staging|Any CPU
		{4FB07922-DC29-ED8A-A634-86DD42E3D74A}.Debug|Any CPU.ActiveCfg = Debug|Any CPU
		{4FB07922-DC29-ED8A-A634-86DD42E3D74A}.Debug|Any CPU.Build.0 = Debug|Any CPU
		{4FB07922-DC29-ED8A-A634-86DD42E3D74A}.Debug|x64.ActiveCfg = Debug|Any CPU
		{4FB07922-DC29-ED8A-A634-86DD42E3D74A}.Debug|x64.Build.0 = Debug|Any CPU
		{4FB07922-DC29-ED8A-A634-86DD42E3D74A}.Debug|x86.ActiveCfg = Debug|Any CPU
		{4FB07922-DC29-ED8A-A634-86DD42E3D74A}.Debug|x86.Build.0 = Debug|Any CPU
		{4FB07922-DC29-ED8A-A634-86DD42E3D74A}.Release|Any CPU.ActiveCfg = Release|Any CPU
		{4FB07922-DC29-ED8A-A634-86DD42E3D74A}.Release|Any CPU.Build.0 = Release|Any CPU
		{4FB07922-DC29-ED8A-A634-86DD42E3D74A}.Release|x64.ActiveCfg = Release|Any CPU
		{4FB07922-DC29-ED8A-A634-86DD42E3D74A}.Release|x64.Build.0 = Release|Any CPU
		{4FB07922-DC29-ED8A-A634-86DD42E3D74A}.Release|x86.ActiveCfg = Release|Any CPU
		{4FB07922-DC29-ED8A-A634-86DD42E3D74A}.Release|x86.Build.0 = Release|Any CPU
		{4FB07922-DC29-ED8A-A634-86DD42E3D74A}.Staging|Any CPU.ActiveCfg = Staging|Any CPU
		{4FB07922-DC29-ED8A-A634-86DD42E3D74A}.Staging|Any CPU.Build.0 = Staging|Any CPU
		{4FB07922-DC29-ED8A-A634-86DD42E3D74A}.Staging|x64.ActiveCfg = Staging|Any CPU
		{4FB07922-DC29-ED8A-A634-86DD42E3D74A}.Staging|x64.Build.0 = Staging|Any CPU
		{4FB07922-DC29-ED8A-A634-86DD42E3D74A}.Staging|x86.ActiveCfg = Staging|Any CPU
		{4FB07922-DC29-ED8A-A634-86DD42E3D74A}.Staging|x86.Build.0 = Staging|Any CPU
		{1BA7A282-525A-B8B4-8C0F-51ABDF0B108C}.Debug|Any CPU.ActiveCfg = Debug|Any CPU
		{1BA7A282-525A-B8B4-8C0F-51ABDF0B108C}.Debug|Any CPU.Build.0 = Debug|Any CPU
		{1BA7A282-525A-B8B4-8C0F-51ABDF0B108C}.Debug|x64.ActiveCfg = Debug|Any CPU
		{1BA7A282-525A-B8B4-8C0F-51ABDF0B108C}.Debug|x64.Build.0 = Debug|Any CPU
		{1BA7A282-525A-B8B4-8C0F-51ABDF0B108C}.Debug|x86.ActiveCfg = Debug|Any CPU
		{1BA7A282-525A-B8B4-8C0F-51ABDF0B108C}.Debug|x86.Build.0 = Debug|Any CPU
		{1BA7A282-525A-B8B4-8C0F-51ABDF0B108C}.Release|Any CPU.ActiveCfg = Release|Any CPU
		{1BA7A282-525A-B8B4-8C0F-51ABDF0B108C}.Release|Any CPU.Build.0 = Release|Any CPU
		{1BA7A282-525A-B8B4-8C0F-51ABDF0B108C}.Release|x64.ActiveCfg = Release|Any CPU
		{1BA7A282-525A-B8B4-8C0F-51ABDF0B108C}.Release|x64.Build.0 = Release|Any CPU
		{1BA7A282-525A-B8B4-8C0F-51ABDF0B108C}.Release|x86.ActiveCfg = Release|Any CPU
		{1BA7A282-525A-B8B4-8C0F-51ABDF0B108C}.Release|x86.Build.0 = Release|Any CPU
		{1BA7A282-525A-B8B4-8C0F-51ABDF0B108C}.Staging|Any CPU.ActiveCfg = Staging|Any CPU
		{1BA7A282-525A-B8B4-8C0F-51ABDF0B108C}.Staging|Any CPU.Build.0 = Staging|Any CPU
		{1BA7A282-525A-B8B4-8C0F-51ABDF0B108C}.Staging|x64.ActiveCfg = Staging|Any CPU
		{1BA7A282-525A-B8B4-8C0F-51ABDF0B108C}.Staging|x64.Build.0 = Staging|Any CPU
		{1BA7A282-525A-B8B4-8C0F-51ABDF0B108C}.Staging|x86.ActiveCfg = Staging|Any CPU
		{1BA7A282-525A-B8B4-8C0F-51ABDF0B108C}.Staging|x86.Build.0 = Staging|Any CPU
		{A379641F-90AA-45BD-A616-3B424FA47B36}.Debug|Any CPU.ActiveCfg = Debug|Any CPU
		{A379641F-90AA-45BD-A616-3B424FA47B36}.Debug|Any CPU.Build.0 = Debug|Any CPU
		{A379641F-90AA-45BD-A616-3B424FA47B36}.Debug|x64.ActiveCfg = Debug|Any CPU
		{A379641F-90AA-45BD-A616-3B424FA47B36}.Debug|x64.Build.0 = Debug|Any CPU
		{A379641F-90AA-45BD-A616-3B424FA47B36}.Debug|x86.ActiveCfg = Debug|Any CPU
		{A379641F-90AA-45BD-A616-3B424FA47B36}.Debug|x86.Build.0 = Debug|Any CPU
		{A379641F-90AA-45BD-A616-3B424FA47B36}.Release|Any CPU.ActiveCfg = Release|Any CPU
		{A379641F-90AA-45BD-A616-3B424FA47B36}.Release|Any CPU.Build.0 = Release|Any CPU
		{A379641F-90AA-45BD-A616-3B424FA47B36}.Release|x64.ActiveCfg = Release|Any CPU
		{A379641F-90AA-45BD-A616-3B424FA47B36}.Release|x64.Build.0 = Release|Any CPU
		{A379641F-90AA-45BD-A616-3B424FA47B36}.Release|x86.ActiveCfg = Release|Any CPU
		{A379641F-90AA-45BD-A616-3B424FA47B36}.Release|x86.Build.0 = Release|Any CPU
		{A379641F-90AA-45BD-A616-3B424FA47B36}.Staging|Any CPU.ActiveCfg = Staging|Any CPU
		{A379641F-90AA-45BD-A616-3B424FA47B36}.Staging|Any CPU.Build.0 = Staging|Any CPU
		{A379641F-90AA-45BD-A616-3B424FA47B36}.Staging|x64.ActiveCfg = Staging|Any CPU
		{A379641F-90AA-45BD-A616-3B424FA47B36}.Staging|x64.Build.0 = Staging|Any CPU
		{A379641F-90AA-45BD-A616-3B424FA47B36}.Staging|x86.ActiveCfg = Staging|Any CPU
		{A379641F-90AA-45BD-A616-3B424FA47B36}.Staging|x86.Build.0 = Staging|Any CPU
		{C3322774-9547-4111-8FC6-E691D35ECB42}.Debug|Any CPU.ActiveCfg = Debug|Any CPU
		{C3322774-9547-4111-8FC6-E691D35ECB42}.Debug|Any CPU.Build.0 = Debug|Any CPU
		{C3322774-9547-4111-8FC6-E691D35ECB42}.Debug|x64.ActiveCfg = Debug|Any CPU
		{C3322774-9547-4111-8FC6-E691D35ECB42}.Debug|x64.Build.0 = Debug|Any CPU
		{C3322774-9547-4111-8FC6-E691D35ECB42}.Debug|x86.ActiveCfg = Debug|Any CPU
		{C3322774-9547-4111-8FC6-E691D35ECB42}.Debug|x86.Build.0 = Debug|Any CPU
		{C3322774-9547-4111-8FC6-E691D35ECB42}.Release|Any CPU.ActiveCfg = Release|Any CPU
		{C3322774-9547-4111-8FC6-E691D35ECB42}.Release|Any CPU.Build.0 = Release|Any CPU
		{C3322774-9547-4111-8FC6-E691D35ECB42}.Release|x64.ActiveCfg = Release|Any CPU
		{C3322774-9547-4111-8FC6-E691D35ECB42}.Release|x64.Build.0 = Release|Any CPU
		{C3322774-9547-4111-8FC6-E691D35ECB42}.Release|x86.ActiveCfg = Release|Any CPU
		{C3322774-9547-4111-8FC6-E691D35ECB42}.Release|x86.Build.0 = Release|Any CPU
		{C3322774-9547-4111-8FC6-E691D35ECB42}.Staging|Any CPU.ActiveCfg = Staging|Any CPU
		{C3322774-9547-4111-8FC6-E691D35ECB42}.Staging|Any CPU.Build.0 = Staging|Any CPU
		{C3322774-9547-4111-8FC6-E691D35ECB42}.Staging|x64.ActiveCfg = Staging|Any CPU
		{C3322774-9547-4111-8FC6-E691D35ECB42}.Staging|x64.Build.0 = Staging|Any CPU
		{C3322774-9547-4111-8FC6-E691D35ECB42}.Staging|x86.ActiveCfg = Staging|Any CPU
		{C3322774-9547-4111-8FC6-E691D35ECB42}.Staging|x86.Build.0 = Staging|Any CPU
		{29DF57B8-0307-497A-8C7E-5F6E454BE097}.Debug|Any CPU.ActiveCfg = Debug|Any CPU
		{29DF57B8-0307-497A-8C7E-5F6E454BE097}.Debug|Any CPU.Build.0 = Debug|Any CPU
		{29DF57B8-0307-497A-8C7E-5F6E454BE097}.Debug|x64.ActiveCfg = Debug|Any CPU
		{29DF57B8-0307-497A-8C7E-5F6E454BE097}.Debug|x64.Build.0 = Debug|Any CPU
		{29DF57B8-0307-497A-8C7E-5F6E454BE097}.Debug|x86.ActiveCfg = Debug|Any CPU
		{29DF57B8-0307-497A-8C7E-5F6E454BE097}.Debug|x86.Build.0 = Debug|Any CPU
		{29DF57B8-0307-497A-8C7E-5F6E454BE097}.Release|Any CPU.ActiveCfg = Release|Any CPU
		{29DF57B8-0307-497A-8C7E-5F6E454BE097}.Release|Any CPU.Build.0 = Release|Any CPU
		{29DF57B8-0307-497A-8C7E-5F6E454BE097}.Release|x64.ActiveCfg = Release|Any CPU
		{29DF57B8-0307-497A-8C7E-5F6E454BE097}.Release|x64.Build.0 = Release|Any CPU
		{29DF57B8-0307-497A-8C7E-5F6E454BE097}.Release|x86.ActiveCfg = Release|Any CPU
		{29DF57B8-0307-497A-8C7E-5F6E454BE097}.Release|x86.Build.0 = Release|Any CPU
		{29DF57B8-0307-497A-8C7E-5F6E454BE097}.Staging|Any CPU.ActiveCfg = Staging|Any CPU
		{29DF57B8-0307-497A-8C7E-5F6E454BE097}.Staging|Any CPU.Build.0 = Staging|Any CPU
		{29DF57B8-0307-497A-8C7E-5F6E454BE097}.Staging|x64.ActiveCfg = Staging|Any CPU
		{29DF57B8-0307-497A-8C7E-5F6E454BE097}.Staging|x64.Build.0 = Staging|Any CPU
		{29DF57B8-0307-497A-8C7E-5F6E454BE097}.Staging|x86.ActiveCfg = Staging|Any CPU
		{29DF57B8-0307-497A-8C7E-5F6E454BE097}.Staging|x86.Build.0 = Staging|Any CPU
		{5133E664-4893-48F8-A59B-F106746AD773}.Debug|Any CPU.ActiveCfg = Debug|Any CPU
		{5133E664-4893-48F8-A59B-F106746AD773}.Debug|Any CPU.Build.0 = Debug|Any CPU
		{5133E664-4893-48F8-A59B-F106746AD773}.Debug|x64.ActiveCfg = Debug|Any CPU
		{5133E664-4893-48F8-A59B-F106746AD773}.Debug|x64.Build.0 = Debug|Any CPU
		{5133E664-4893-48F8-A59B-F106746AD773}.Debug|x86.ActiveCfg = Debug|Any CPU
		{5133E664-4893-48F8-A59B-F106746AD773}.Debug|x86.Build.0 = Debug|Any CPU
		{5133E664-4893-48F8-A59B-F106746AD773}.Release|Any CPU.ActiveCfg = Release|Any CPU
		{5133E664-4893-48F8-A59B-F106746AD773}.Release|Any CPU.Build.0 = Release|Any CPU
		{5133E664-4893-48F8-A59B-F106746AD773}.Release|x64.ActiveCfg = Release|Any CPU
		{5133E664-4893-48F8-A59B-F106746AD773}.Release|x64.Build.0 = Release|Any CPU
		{5133E664-4893-48F8-A59B-F106746AD773}.Release|x86.ActiveCfg = Release|Any CPU
		{5133E664-4893-48F8-A59B-F106746AD773}.Release|x86.Build.0 = Release|Any CPU
		{5133E664-4893-48F8-A59B-F106746AD773}.Staging|Any CPU.ActiveCfg = Staging|Any CPU
		{5133E664-4893-48F8-A59B-F106746AD773}.Staging|Any CPU.Build.0 = Staging|Any CPU
		{5133E664-4893-48F8-A59B-F106746AD773}.Staging|x64.ActiveCfg = Staging|Any CPU
		{5133E664-4893-48F8-A59B-F106746AD773}.Staging|x64.Build.0 = Staging|Any CPU
		{5133E664-4893-48F8-A59B-F106746AD773}.Staging|x86.ActiveCfg = Staging|Any CPU
		{5133E664-4893-48F8-A59B-F106746AD773}.Staging|x86.Build.0 = Staging|Any CPU
		{5CB9DA78-6FA7-459A-8257-44F92F7F69ED}.Debug|Any CPU.ActiveCfg = Debug|Any CPU
		{5CB9DA78-6FA7-459A-8257-44F92F7F69ED}.Debug|Any CPU.Build.0 = Debug|Any CPU
		{5CB9DA78-6FA7-459A-8257-44F92F7F69ED}.Debug|x64.ActiveCfg = Debug|Any CPU
		{5CB9DA78-6FA7-459A-8257-44F92F7F69ED}.Debug|x64.Build.0 = Debug|Any CPU
		{5CB9DA78-6FA7-459A-8257-44F92F7F69ED}.Debug|x86.ActiveCfg = Debug|Any CPU
		{5CB9DA78-6FA7-459A-8257-44F92F7F69ED}.Debug|x86.Build.0 = Debug|Any CPU
		{5CB9DA78-6FA7-459A-8257-44F92F7F69ED}.Release|Any CPU.ActiveCfg = Release|Any CPU
		{5CB9DA78-6FA7-459A-8257-44F92F7F69ED}.Release|Any CPU.Build.0 = Release|Any CPU
		{5CB9DA78-6FA7-459A-8257-44F92F7F69ED}.Release|x64.ActiveCfg = Release|Any CPU
		{5CB9DA78-6FA7-459A-8257-44F92F7F69ED}.Release|x64.Build.0 = Release|Any CPU
		{5CB9DA78-6FA7-459A-8257-44F92F7F69ED}.Release|x86.ActiveCfg = Release|Any CPU
		{5CB9DA78-6FA7-459A-8257-44F92F7F69ED}.Release|x86.Build.0 = Release|Any CPU
		{5CB9DA78-6FA7-459A-8257-44F92F7F69ED}.Staging|Any CPU.ActiveCfg = Staging|Any CPU
		{5CB9DA78-6FA7-459A-8257-44F92F7F69ED}.Staging|Any CPU.Build.0 = Staging|Any CPU
		{5CB9DA78-6FA7-459A-8257-44F92F7F69ED}.Staging|x64.ActiveCfg = Staging|Any CPU
		{5CB9DA78-6FA7-459A-8257-44F92F7F69ED}.Staging|x64.Build.0 = Staging|Any CPU
		{5CB9DA78-6FA7-459A-8257-44F92F7F69ED}.Staging|x86.ActiveCfg = Staging|Any CPU
		{5CB9DA78-6FA7-459A-8257-44F92F7F69ED}.Staging|x86.Build.0 = Staging|Any CPU
		{16307AAA-351D-4FBC-9353-E9D6573CAADA}.Debug|Any CPU.ActiveCfg = Debug|Any CPU
		{16307AAA-351D-4FBC-9353-E9D6573CAADA}.Debug|Any CPU.Build.0 = Debug|Any CPU
		{16307AAA-351D-4FBC-9353-E9D6573CAADA}.Debug|x64.ActiveCfg = Debug|Any CPU
		{16307AAA-351D-4FBC-9353-E9D6573CAADA}.Debug|x64.Build.0 = Debug|Any CPU
		{16307AAA-351D-4FBC-9353-E9D6573CAADA}.Debug|x86.ActiveCfg = Debug|Any CPU
		{16307AAA-351D-4FBC-9353-E9D6573CAADA}.Debug|x86.Build.0 = Debug|Any CPU
		{16307AAA-351D-4FBC-9353-E9D6573CAADA}.Release|Any CPU.ActiveCfg = Release|Any CPU
		{16307AAA-351D-4FBC-9353-E9D6573CAADA}.Release|Any CPU.Build.0 = Release|Any CPU
		{16307AAA-351D-4FBC-9353-E9D6573CAADA}.Release|x64.ActiveCfg = Release|Any CPU
		{16307AAA-351D-4FBC-9353-E9D6573CAADA}.Release|x64.Build.0 = Release|Any CPU
		{16307AAA-351D-4FBC-9353-E9D6573CAADA}.Release|x86.ActiveCfg = Release|Any CPU
		{16307AAA-351D-4FBC-9353-E9D6573CAADA}.Release|x86.Build.0 = Release|Any CPU
		{16307AAA-351D-4FBC-9353-E9D6573CAADA}.Staging|Any CPU.ActiveCfg = Staging|Any CPU
		{16307AAA-351D-4FBC-9353-E9D6573CAADA}.Staging|Any CPU.Build.0 = Staging|Any CPU
		{16307AAA-351D-4FBC-9353-E9D6573CAADA}.Staging|x64.ActiveCfg = Staging|Any CPU
		{16307AAA-351D-4FBC-9353-E9D6573CAADA}.Staging|x64.Build.0 = Staging|Any CPU
		{16307AAA-351D-4FBC-9353-E9D6573CAADA}.Staging|x86.ActiveCfg = Staging|Any CPU
		{16307AAA-351D-4FBC-9353-E9D6573CAADA}.Staging|x86.Build.0 = Staging|Any CPU
		{A8909DC4-BF05-4047-BB6D-19A21AF88FAA}.Debug|Any CPU.ActiveCfg = Debug|Any CPU
		{A8909DC4-BF05-4047-BB6D-19A21AF88FAA}.Debug|Any CPU.Build.0 = Debug|Any CPU
		{A8909DC4-BF05-4047-BB6D-19A21AF88FAA}.Debug|x64.ActiveCfg = Debug|Any CPU
		{A8909DC4-BF05-4047-BB6D-19A21AF88FAA}.Debug|x64.Build.0 = Debug|Any CPU
		{A8909DC4-BF05-4047-BB6D-19A21AF88FAA}.Debug|x86.ActiveCfg = Debug|Any CPU
		{A8909DC4-BF05-4047-BB6D-19A21AF88FAA}.Debug|x86.Build.0 = Debug|Any CPU
		{A8909DC4-BF05-4047-BB6D-19A21AF88FAA}.Release|Any CPU.ActiveCfg = Release|Any CPU
		{A8909DC4-BF05-4047-BB6D-19A21AF88FAA}.Release|Any CPU.Build.0 = Release|Any CPU
		{A8909DC4-BF05-4047-BB6D-19A21AF88FAA}.Release|x64.ActiveCfg = Release|Any CPU
		{A8909DC4-BF05-4047-BB6D-19A21AF88FAA}.Release|x64.Build.0 = Release|Any CPU
		{A8909DC4-BF05-4047-BB6D-19A21AF88FAA}.Release|x86.ActiveCfg = Release|Any CPU
		{A8909DC4-BF05-4047-BB6D-19A21AF88FAA}.Release|x86.Build.0 = Release|Any CPU
		{A8909DC4-BF05-4047-BB6D-19A21AF88FAA}.Staging|Any CPU.ActiveCfg = Staging|Any CPU
		{A8909DC4-BF05-4047-BB6D-19A21AF88FAA}.Staging|Any CPU.Build.0 = Staging|Any CPU
		{A8909DC4-BF05-4047-BB6D-19A21AF88FAA}.Staging|x64.ActiveCfg = Staging|Any CPU
		{A8909DC4-BF05-4047-BB6D-19A21AF88FAA}.Staging|x64.Build.0 = Staging|Any CPU
		{A8909DC4-BF05-4047-BB6D-19A21AF88FAA}.Staging|x86.ActiveCfg = Staging|Any CPU
		{A8909DC4-BF05-4047-BB6D-19A21AF88FAA}.Staging|x86.Build.0 = Staging|Any CPU
		{B5AE5979-7D43-468A-9170-7A98B52302D7}.Debug|Any CPU.ActiveCfg = Debug|Any CPU
		{B5AE5979-7D43-468A-9170-7A98B52302D7}.Debug|Any CPU.Build.0 = Debug|Any CPU
		{B5AE5979-7D43-468A-9170-7A98B52302D7}.Debug|x64.ActiveCfg = Debug|Any CPU
		{B5AE5979-7D43-468A-9170-7A98B52302D7}.Debug|x64.Build.0 = Debug|Any CPU
		{B5AE5979-7D43-468A-9170-7A98B52302D7}.Debug|x86.ActiveCfg = Debug|Any CPU
		{B5AE5979-7D43-468A-9170-7A98B52302D7}.Debug|x86.Build.0 = Debug|Any CPU
		{B5AE5979-7D43-468A-9170-7A98B52302D7}.Release|Any CPU.ActiveCfg = Release|Any CPU
		{B5AE5979-7D43-468A-9170-7A98B52302D7}.Release|Any CPU.Build.0 = Release|Any CPU
		{B5AE5979-7D43-468A-9170-7A98B52302D7}.Release|x64.ActiveCfg = Release|Any CPU
		{B5AE5979-7D43-468A-9170-7A98B52302D7}.Release|x64.Build.0 = Release|Any CPU
		{B5AE5979-7D43-468A-9170-7A98B52302D7}.Release|x86.ActiveCfg = Release|Any CPU
		{B5AE5979-7D43-468A-9170-7A98B52302D7}.Release|x86.Build.0 = Release|Any CPU
		{B5AE5979-7D43-468A-9170-7A98B52302D7}.Staging|Any CPU.ActiveCfg = Staging|Any CPU
		{B5AE5979-7D43-468A-9170-7A98B52302D7}.Staging|Any CPU.Build.0 = Staging|Any CPU
		{B5AE5979-7D43-468A-9170-7A98B52302D7}.Staging|x64.ActiveCfg = Staging|Any CPU
		{B5AE5979-7D43-468A-9170-7A98B52302D7}.Staging|x64.Build.0 = Staging|Any CPU
		{B5AE5979-7D43-468A-9170-7A98B52302D7}.Staging|x86.ActiveCfg = Staging|Any CPU
		{B5AE5979-7D43-468A-9170-7A98B52302D7}.Staging|x86.Build.0 = Staging|Any CPU
		{C39AADDC-7C6C-4B72-90E8-44336C13A039}.Debug|Any CPU.ActiveCfg = Debug|Any CPU
		{C39AADDC-7C6C-4B72-90E8-44336C13A039}.Debug|Any CPU.Build.0 = Debug|Any CPU
		{C39AADDC-7C6C-4B72-90E8-44336C13A039}.Debug|x64.ActiveCfg = Debug|Any CPU
		{C39AADDC-7C6C-4B72-90E8-44336C13A039}.Debug|x64.Build.0 = Debug|Any CPU
		{C39AADDC-7C6C-4B72-90E8-44336C13A039}.Debug|x86.ActiveCfg = Debug|Any CPU
		{C39AADDC-7C6C-4B72-90E8-44336C13A039}.Debug|x86.Build.0 = Debug|Any CPU
		{C39AADDC-7C6C-4B72-90E8-44336C13A039}.Release|Any CPU.ActiveCfg = Release|Any CPU
		{C39AADDC-7C6C-4B72-90E8-44336C13A039}.Release|Any CPU.Build.0 = Release|Any CPU
		{C39AADDC-7C6C-4B72-90E8-44336C13A039}.Release|x64.ActiveCfg = Release|Any CPU
		{C39AADDC-7C6C-4B72-90E8-44336C13A039}.Release|x64.Build.0 = Release|Any CPU
		{C39AADDC-7C6C-4B72-90E8-44336C13A039}.Release|x86.ActiveCfg = Release|Any CPU
		{C39AADDC-7C6C-4B72-90E8-44336C13A039}.Release|x86.Build.0 = Release|Any CPU
		{C39AADDC-7C6C-4B72-90E8-44336C13A039}.Staging|Any CPU.ActiveCfg = Staging|Any CPU
		{C39AADDC-7C6C-4B72-90E8-44336C13A039}.Staging|Any CPU.Build.0 = Staging|Any CPU
		{C39AADDC-7C6C-4B72-90E8-44336C13A039}.Staging|x64.ActiveCfg = Staging|Any CPU
		{C39AADDC-7C6C-4B72-90E8-44336C13A039}.Staging|x64.Build.0 = Staging|Any CPU
		{C39AADDC-7C6C-4B72-90E8-44336C13A039}.Staging|x86.ActiveCfg = Staging|Any CPU
		{C39AADDC-7C6C-4B72-90E8-44336C13A039}.Staging|x86.Build.0 = Staging|Any CPU
		{C48905EA-42D2-4F39-B690-191931601764}.Debug|Any CPU.ActiveCfg = Debug|Any CPU
		{C48905EA-42D2-4F39-B690-191931601764}.Debug|Any CPU.Build.0 = Debug|Any CPU
		{C48905EA-42D2-4F39-B690-191931601764}.Debug|x64.ActiveCfg = Debug|Any CPU
		{C48905EA-42D2-4F39-B690-191931601764}.Debug|x64.Build.0 = Debug|Any CPU
		{C48905EA-42D2-4F39-B690-191931601764}.Debug|x86.ActiveCfg = Debug|Any CPU
		{C48905EA-42D2-4F39-B690-191931601764}.Debug|x86.Build.0 = Debug|Any CPU
		{C48905EA-42D2-4F39-B690-191931601764}.Release|Any CPU.ActiveCfg = Release|Any CPU
		{C48905EA-42D2-4F39-B690-191931601764}.Release|Any CPU.Build.0 = Release|Any CPU
		{C48905EA-42D2-4F39-B690-191931601764}.Release|x64.ActiveCfg = Release|Any CPU
		{C48905EA-42D2-4F39-B690-191931601764}.Release|x64.Build.0 = Release|Any CPU
		{C48905EA-42D2-4F39-B690-191931601764}.Release|x86.ActiveCfg = Release|Any CPU
		{C48905EA-42D2-4F39-B690-191931601764}.Release|x86.Build.0 = Release|Any CPU
		{C48905EA-42D2-4F39-B690-191931601764}.Staging|Any CPU.ActiveCfg = Staging|Any CPU
		{C48905EA-42D2-4F39-B690-191931601764}.Staging|Any CPU.Build.0 = Staging|Any CPU
		{C48905EA-42D2-4F39-B690-191931601764}.Staging|x64.ActiveCfg = Staging|Any CPU
		{C48905EA-42D2-4F39-B690-191931601764}.Staging|x64.Build.0 = Staging|Any CPU
		{C48905EA-42D2-4F39-B690-191931601764}.Staging|x86.ActiveCfg = Staging|Any CPU
		{C48905EA-42D2-4F39-B690-191931601764}.Staging|x86.Build.0 = Staging|Any CPU
		{9A02388E-A27D-4C1C-8E1F-A15F9D6D6E87}.Debug|Any CPU.ActiveCfg = Debug|Any CPU
		{9A02388E-A27D-4C1C-8E1F-A15F9D6D6E87}.Debug|Any CPU.Build.0 = Debug|Any CPU
		{9A02388E-A27D-4C1C-8E1F-A15F9D6D6E87}.Debug|x64.ActiveCfg = Debug|Any CPU
		{9A02388E-A27D-4C1C-8E1F-A15F9D6D6E87}.Debug|x64.Build.0 = Debug|Any CPU
		{9A02388E-A27D-4C1C-8E1F-A15F9D6D6E87}.Debug|x86.ActiveCfg = Debug|Any CPU
		{9A02388E-A27D-4C1C-8E1F-A15F9D6D6E87}.Debug|x86.Build.0 = Debug|Any CPU
		{9A02388E-A27D-4C1C-8E1F-A15F9D6D6E87}.Release|Any CPU.ActiveCfg = Release|Any CPU
		{9A02388E-A27D-4C1C-8E1F-A15F9D6D6E87}.Release|Any CPU.Build.0 = Release|Any CPU
		{9A02388E-A27D-4C1C-8E1F-A15F9D6D6E87}.Release|x64.ActiveCfg = Release|Any CPU
		{9A02388E-A27D-4C1C-8E1F-A15F9D6D6E87}.Release|x64.Build.0 = Release|Any CPU
		{9A02388E-A27D-4C1C-8E1F-A15F9D6D6E87}.Release|x86.ActiveCfg = Release|Any CPU
		{9A02388E-A27D-4C1C-8E1F-A15F9D6D6E87}.Release|x86.Build.0 = Release|Any CPU
		{9A02388E-A27D-4C1C-8E1F-A15F9D6D6E87}.Staging|Any CPU.ActiveCfg = Staging|Any CPU
		{9A02388E-A27D-4C1C-8E1F-A15F9D6D6E87}.Staging|Any CPU.Build.0 = Staging|Any CPU
		{9A02388E-A27D-4C1C-8E1F-A15F9D6D6E87}.Staging|x64.ActiveCfg = Staging|Any CPU
		{9A02388E-A27D-4C1C-8E1F-A15F9D6D6E87}.Staging|x64.Build.0 = Staging|Any CPU
		{9A02388E-A27D-4C1C-8E1F-A15F9D6D6E87}.Staging|x86.ActiveCfg = Staging|Any CPU
		{9A02388E-A27D-4C1C-8E1F-A15F9D6D6E87}.Staging|x86.Build.0 = Staging|Any CPU
		{BFD31F7B-1A4C-4DB7-B4D2-0A7D16A7A216}.Debug|Any CPU.ActiveCfg = Debug|Any CPU
		{BFD31F7B-1A4C-4DB7-B4D2-0A7D16A7A216}.Debug|x64.ActiveCfg = Debug|Any CPU
		{BFD31F7B-1A4C-4DB7-B4D2-0A7D16A7A216}.Debug|x64.Build.0 = Debug|Any CPU
		{BFD31F7B-1A4C-4DB7-B4D2-0A7D16A7A216}.Debug|x86.ActiveCfg = Debug|Any CPU
		{BFD31F7B-1A4C-4DB7-B4D2-0A7D16A7A216}.Debug|x86.Build.0 = Debug|Any CPU
		{BFD31F7B-1A4C-4DB7-B4D2-0A7D16A7A216}.Release|Any CPU.ActiveCfg = Release|Any CPU
		{BFD31F7B-1A4C-4DB7-B4D2-0A7D16A7A216}.Release|Any CPU.Build.0 = Release|Any CPU
		{BFD31F7B-1A4C-4DB7-B4D2-0A7D16A7A216}.Release|x64.ActiveCfg = Release|Any CPU
		{BFD31F7B-1A4C-4DB7-B4D2-0A7D16A7A216}.Release|x64.Build.0 = Release|Any CPU
		{BFD31F7B-1A4C-4DB7-B4D2-0A7D16A7A216}.Release|x86.ActiveCfg = Release|Any CPU
		{BFD31F7B-1A4C-4DB7-B4D2-0A7D16A7A216}.Release|x86.Build.0 = Release|Any CPU
		{BFD31F7B-1A4C-4DB7-B4D2-0A7D16A7A216}.Staging|Any CPU.ActiveCfg = Staging|Any CPU
		{BFD31F7B-1A4C-4DB7-B4D2-0A7D16A7A216}.Staging|x64.ActiveCfg = Staging|Any CPU
		{BFD31F7B-1A4C-4DB7-B4D2-0A7D16A7A216}.Staging|x64.Build.0 = Staging|Any CPU
		{BFD31F7B-1A4C-4DB7-B4D2-0A7D16A7A216}.Staging|x86.ActiveCfg = Staging|Any CPU
		{BFD31F7B-1A4C-4DB7-B4D2-0A7D16A7A216}.Staging|x86.Build.0 = Staging|Any CPU
		{7703A36C-23BA-4200-8EAD-B2D5EB31A9A1}.Debug|Any CPU.ActiveCfg = Debug|Any CPU
		{7703A36C-23BA-4200-8EAD-B2D5EB31A9A1}.Debug|Any CPU.Build.0 = Debug|Any CPU
		{7703A36C-23BA-4200-8EAD-B2D5EB31A9A1}.Debug|x64.ActiveCfg = Debug|Any CPU
		{7703A36C-23BA-4200-8EAD-B2D5EB31A9A1}.Debug|x64.Build.0 = Debug|Any CPU
		{7703A36C-23BA-4200-8EAD-B2D5EB31A9A1}.Debug|x86.ActiveCfg = Debug|Any CPU
		{7703A36C-23BA-4200-8EAD-B2D5EB31A9A1}.Debug|x86.Build.0 = Debug|Any CPU
		{7703A36C-23BA-4200-8EAD-B2D5EB31A9A1}.Release|Any CPU.ActiveCfg = Release|Any CPU
		{7703A36C-23BA-4200-8EAD-B2D5EB31A9A1}.Release|Any CPU.Build.0 = Release|Any CPU
		{7703A36C-23BA-4200-8EAD-B2D5EB31A9A1}.Release|x64.ActiveCfg = Release|Any CPU
		{7703A36C-23BA-4200-8EAD-B2D5EB31A9A1}.Release|x64.Build.0 = Release|Any CPU
		{7703A36C-23BA-4200-8EAD-B2D5EB31A9A1}.Release|x86.ActiveCfg = Release|Any CPU
		{7703A36C-23BA-4200-8EAD-B2D5EB31A9A1}.Release|x86.Build.0 = Release|Any CPU
		{7703A36C-23BA-4200-8EAD-B2D5EB31A9A1}.Staging|Any CPU.ActiveCfg = Staging|Any CPU
		{7703A36C-23BA-4200-8EAD-B2D5EB31A9A1}.Staging|Any CPU.Build.0 = Staging|Any CPU
		{7703A36C-23BA-4200-8EAD-B2D5EB31A9A1}.Staging|x64.ActiveCfg = Staging|Any CPU
		{7703A36C-23BA-4200-8EAD-B2D5EB31A9A1}.Staging|x64.Build.0 = Staging|Any CPU
		{7703A36C-23BA-4200-8EAD-B2D5EB31A9A1}.Staging|x86.ActiveCfg = Staging|Any CPU
		{7703A36C-23BA-4200-8EAD-B2D5EB31A9A1}.Staging|x86.Build.0 = Staging|Any CPU
	EndGlobalSection
	GlobalSection(SolutionProperties) = preSolution
		HideSolutionNode = FALSE
	EndGlobalSection
	GlobalSection(NestedProjects) = preSolution
		{0BED806C-F6A5-4F50-AF93-1E4404B6A6DE} = {1B13B8A9-44CF-4362-A7A5-560A2167FBF7}
		{F87F74B5-19E3-4CA8-AD3B-A7397941CF4C} = {1B13B8A9-44CF-4362-A7A5-560A2167FBF7}
		{80D679B3-AD78-44A7-A217-AF4E7DC1E5EF} = {1B13B8A9-44CF-4362-A7A5-560A2167FBF7}
		{749D3895-43C6-4843-B45C-D5584396947F} = {1B13B8A9-44CF-4362-A7A5-560A2167FBF7}
		{3FB2C163-B2E3-4D6B-BF7C-F974EE820D91} = {63C74E0C-5DB8-4F91-BC40-105763C20BF5}
		{E425D1A7-5930-2AA4-855F-17A1C14ED578} = {60823260-0CD0-4E4B-A88A-3D4833FCDEC1}
		{7C2469CA-7B27-4C5B-A519-6BD980E24D8D} = {63C74E0C-5DB8-4F91-BC40-105763C20BF5}
		{AEADBD66-AEF7-B648-2AF2-B7341FDA9D5F} = {60823260-0CD0-4E4B-A88A-3D4833FCDEC1}
		{4FB07922-DC29-ED8A-A634-86DD42E3D74A} = {63C74E0C-5DB8-4F91-BC40-105763C20BF5}
		{1BA7A282-525A-B8B4-8C0F-51ABDF0B108C} = {60823260-0CD0-4E4B-A88A-3D4833FCDEC1}
		{A379641F-90AA-45BD-A616-3B424FA47B36} = {63C74E0C-5DB8-4F91-BC40-105763C20BF5}
		{C3322774-9547-4111-8FC6-E691D35ECB42} = {60823260-0CD0-4E4B-A88A-3D4833FCDEC1}
		{29DF57B8-0307-497A-8C7E-5F6E454BE097} = {63C74E0C-5DB8-4F91-BC40-105763C20BF5}
		{5133E664-4893-48F8-A59B-F106746AD773} = {60823260-0CD0-4E4B-A88A-3D4833FCDEC1}
		{5CB9DA78-6FA7-459A-8257-44F92F7F69ED} = {63C74E0C-5DB8-4F91-BC40-105763C20BF5}
		{558EBDB4-8E40-4FBD-9ECA-6CB3BB381FCA} = {0DB01721-0B4D-4A42-B14D-D60C8E986277}
		{16307AAA-351D-4FBC-9353-E9D6573CAADA} = {63C74E0C-5DB8-4F91-BC40-105763C20BF5}
		{A8909DC4-BF05-4047-BB6D-19A21AF88FAA} = {63C74E0C-5DB8-4F91-BC40-105763C20BF5}
		{B5AE5979-7D43-468A-9170-7A98B52302D7} = {63C74E0C-5DB8-4F91-BC40-105763C20BF5}
		{C39AADDC-7C6C-4B72-90E8-44336C13A039} = {60823260-0CD0-4E4B-A88A-3D4833FCDEC1}
		{C48905EA-42D2-4F39-B690-191931601764} = {63C74E0C-5DB8-4F91-BC40-105763C20BF5}
		{9A02388E-A27D-4C1C-8E1F-A15F9D6D6E87} = {63C74E0C-5DB8-4F91-BC40-105763C20BF5}
		{BFD31F7B-1A4C-4DB7-B4D2-0A7D16A7A216} = {994F152A-4A7C-4BBA-B520-2A3F7C6FA021}
		{7703A36C-23BA-4200-8EAD-B2D5EB31A9A1} = {60823260-0CD0-4E4B-A88A-3D4833FCDEC1}
	EndGlobalSection
	GlobalSection(ExtensibilityGlobals) = postSolution
		SolutionGuid = {F48C7825-9775-49F4-8E82-09DE11C54162}
	EndGlobalSection
EndGlobal
